
Microsoft Visual Studio Solution File, Format Version 12.00
# Visual Studio Version 17
VisualStudioVersion = 17.10.35122.118
MinimumVisualStudioVersion = 10.0.40219.1
Project("{9A19103F-16F7-4668-BE54-9A1E7A4F7556}") = "TempClosestTo0", "TempClosestTo0\TempClosestTo0.csproj", "{FD2FBFF2-2B3E-4D58-BEC7-C74068D1F88A}"
EndProject
Project("{2150E333-8FDC-42A3-9474-1A3956D46DE8}") = "Tests", "Tests", "{D1351944-8DE3-4C58-8B93-4FD028A0BDA8}"
EndProject
Project("{FAE04EC0-301F-11D3-BF4B-00C04F79EFBC}") = "TestClosestTo0", "TestClosestTo0\TestClosestTo0.csproj", "{2A3089C3-292B-4027-9EA8-84F87F2F344F}"
EndProject
Global
	GlobalSection(SolutionConfigurationPlatforms) = preSolution
		Debug|Any CPU = Debug|Any CPU
		Release|Any CPU = Release|Any CPU
	EndGlobalSection
	GlobalSection(ProjectConfigurationPlatforms) = postSolution
		{FD2FBFF2-2B3E-4D58-BEC7-C74068D1F88A}.Debug|Any CPU.ActiveCfg = Debug|Any CPU
		{FD2FBFF2-2B3E-4D58-BEC7-C74068D1F88A}.Debug|Any CPU.Build.0 = Debug|Any CPU
		{FD2FBFF2-2B3E-4D58-BEC7-C74068D1F88A}.Release|Any CPU.ActiveCfg = Release|Any CPU
		{FD2FBFF2-2B3E-4D58-BEC7-C74068D1F88A}.Release|Any CPU.Build.0 = Release|Any CPU
		{2A3089C3-292B-4027-9EA8-84F87F2F344F}.Debug|Any CPU.ActiveCfg = Debug|Any CPU
		{2A3089C3-292B-4027-9EA8-84F87F2F344F}.Debug|Any CPU.Build.0 = Debug|Any CPU
		{2A3089C3-292B-4027-9EA8-84F87F2F344F}.Release|Any CPU.ActiveCfg = Release|Any CPU
		{2A3089C3-292B-4027-9EA8-84F87F2F344F}.Release|Any CPU.Build.0 = Release|Any CPU
	EndGlobalSection
	GlobalSection(SolutionProperties) = preSolution
		HideSolutionNode = FALSE
	EndGlobalSection
	GlobalSection(ExtensibilityGlobals) = postSolution
		SolutionGuid = {0832EAC7-0EB0-48AC-BADC-78093013B7C9}
	EndGlobalSection
EndGlobal
